
Microsoft Visual Studio Solution File, Format Version 12.00
# Visual Studio Version 17
VisualStudioVersion = 17.14.36717.8
MinimumVisualStudioVersion = 10.0.40219.1
Project("{FAE04EC0-301F-11D3-BF4B-00C04F79EFBC}") = "QuanLyNhaHang", "QuanLyNhaHang.csproj", "{8DB64842-6C9B-43C2-BC10-2EF414F79249}"
EndProject
Project("{54435603-DBB4-11D2-8724-00A0C9A8B90C}") = "QuanLyNhaHang_Setup", "..\QuanLyNhaHang_Setup\QuanLyNhaHang_Setup.vdproj", "{6EE27CC1-9DE1-8937-D158-A4BA799F8EC0}"
EndProject
Global
	GlobalSection(SolutionConfigurationPlatforms) = preSolution
		Debug|Any CPU = Debug|Any CPU
		Release|Any CPU = Release|Any CPU
	EndGlobalSection
	GlobalSection(ProjectConfigurationPlatforms) = postSolution
		{8DB64842-6C9B-43C2-BC10-2EF414F79249}.Debug|Any CPU.ActiveCfg = Debug|Any CPU
		{8DB64842-6C9B-43C2-BC10-2EF414F79249}.Debug|Any CPU.Build.0 = Debug|Any CPU
		{8DB64842-6C9B-43C2-BC10-2EF414F79249}.Release|Any CPU.ActiveCfg = Release|Any CPU
		{8DB64842-6C9B-43C2-BC10-2EF414F79249}.Release|Any CPU.Build.0 = Release|Any CPU
		{6EE27CC1-9DE1-8937-D158-A4BA799F8EC0}.Debug|Any CPU.ActiveCfg = Release
		{6EE27CC1-9DE1-8937-D158-A4BA799F8EC0}.Debug|Any CPU.Build.0 = Release
		{6EE27CC1-9DE1-8937-D158-A4BA799F8EC0}.Release|Any CPU.ActiveCfg = Release
	EndGlobalSection
	GlobalSection(SolutionProperties) = preSolution
		HideSolutionNode = FALSE
	EndGlobalSection
	GlobalSection(ExtensibilityGlobals) = postSolution
		SolutionGuid = {60CD6411-048B-4ED9-99D6-173624835F71}
	EndGlobalSection
EndGlobal
